
Microsoft Visual Studio Solution File, Format Version 12.00
Project("{FAE04EC0-301F-11D3-BF4B-00C04F79EFBC}") = "Lingo.Cli", "Lingo.Cli\Lingo.Cli.csproj", "{8C581FA6-025A-47F3-ADCF-B073EBB260EB}"
EndProject
Global
	GlobalSection(SolutionConfigurationPlatforms) = preSolution
		Debug|Any CPU = Debug|Any CPU
		Release|Any CPU = Release|Any CPU
	EndGlobalSection
	GlobalSection(ProjectConfigurationPlatforms) = postSolution
		{8C581FA6-025A-47F3-ADCF-B073EBB260EB}.Debug|Any CPU.ActiveCfg = Debug|Any CPU
		{8C581FA6-025A-47F3-ADCF-B073EBB260EB}.Debug|Any CPU.Build.0 = Debug|Any CPU
		{8C581FA6-025A-47F3-ADCF-B073EBB260EB}.Release|Any CPU.ActiveCfg = Release|Any CPU
		{8C581FA6-025A-47F3-ADCF-B073EBB260EB}.Release|Any CPU.Build.0 = Release|Any CPU
	EndGlobalSection
EndGlobal
